
Microsoft Visual Studio Solution File, Format Version 12.00
# Visual Studio Version 17
VisualStudioVersion = 17.6.33723.286
MinimumVisualStudioVersion = 10.0.40219.1
Project("{9A19103F-16F7-4668-BE54-9A1E7A4F7556}") = "AzureKeyVaultManager", "AzureKeyVaultManager\AzureKeyVaultManager.csproj", "{38E617EE-E8E0-4134-BF43-9367BF6017C6}"
EndProject
Global
	GlobalSection(SolutionConfigurationPlatforms) = preSolution
		Debug|Any CPU = Debug|Any CPU
		Release|Any CPU = Release|Any CPU
	EndGlobalSection
	GlobalSection(ProjectConfigurationPlatforms) = postSolution
		{38E617EE-E8E0-4134-BF43-9367BF6017C6}.Debug|Any CPU.ActiveCfg = Debug|Any CPU
		{38E617EE-E8E0-4134-BF43-9367BF6017C6}.Debug|Any CPU.Build.0 = Debug|Any CPU
		{38E617EE-E8E0-4134-BF43-9367BF6017C6}.Release|Any CPU.ActiveCfg = Release|Any CPU
		{38E617EE-E8E0-4134-BF43-9367BF6017C6}.Release|Any CPU.Build.0 = Release|Any CPU
	EndGlobalSection
	GlobalSection(SolutionProperties) = preSolution
		HideSolutionNode = FALSE
	EndGlobalSection
	GlobalSection(ExtensibilityGlobals) = postSolution
		SolutionGuid = {0AEE8B2A-0081-4D22-99CB-CB6313432D8F}
	EndGlobalSection
EndGlobal
